github.com/floostack/transcoder v1.1.1 h1:ApvdTZGt4r1N8dcT1PEl4jxX5OBHaOMY42kmCKNbYCE=
github.com/floostack/transcoder v1.1.1/go.mod h1:lT+f8NEGaHP6AVeYLicas0EI0+TforD+DRuLziJg6bY=
github.com/go-ffstatic/darwin-amd64 v0.0.0-20220419102624-c00b1b8ed833 h1:4aiRoGBPjvS26oU28sqa1H2Cv+6mLeLw14yTqnP1ijI=
github.com/go-ffstatic/darwin-amd64 v0.0.0-20220419102624-c00b1b8ed833/go.mod h1:8dBlJ3xj3C3oGoLAE2u7c3Dl5Spk9cbiQs9IJWaHb54=
github.com/go-ffstatic/linux-amd64 v0.0.0-20220419102626-3eb73541e19c h1:dOZdf/kSqBKoj8d/JeiCa5xuBx0g9w+Q3syEa9+QQkE=
github.com/go-ffstatic/linux-amd64 v0.0.0-20220419102626-3eb73541e19c/go.mod h1:IBog11RNX7YKzt2nE5Qc0zuscWQYj5TfqY/QxTUOOpQ=
